<?xml version="1.0" encoding="UTF-8" standalone="yes" ?>
<CodeBlocks_project_file>
	<FileVersion major="1" minor="6" />
	<Project>
		<Option title="MultitouchSU" />
		<Option pch_mode="2" />
		<Option compiler="gcc" />
		<Build>
			<Target title="Debug">
				<Option output=".\Debug\MultitouchSU" prefix_auto="1" extension_auto="1" />
				<Option object_output=".\Debug\" />
				<Option type="3" />
				<Option compiler="gcc" />
				<Option host_application="MultitouchSu\debug\MultitouchsuTest.exe" />
				<Option createDefFile="1" />
				<Option createStaticLib="1" />
				<Compiler>
					<Add option="-Wall" />
					<Add option="-g" />
					<Add option="-DBUILD_DLL" />
					<Add option="-DDLLFUNCTIONS_EXPORTS" />
					<Add option="-DWIN32" />
					<Add option="-D_WINDOWS" />
					<Add option="-D__WXMSW__" />
					<Add option="-DwxUSE_GUI=1" />
					<Add option="-DHAVE_ISINF" />
					<Add option="-DENDIANESS=OSC_HOST_LITTLE_ENDIAN" />
					<Add option="-DLOGGING" />
					<Add option="-DNO_LOGGING_TUIO" />
					<Add directory="$(#wx)\include" />
					<Add directory="$(#WX)\lib\gcc_lib\msw" />
					<Add directory="c:\User\Programs\ruby\lib\ruby\1.8\i386-mswin32" />
					<Add directory="..\TUIO_CPP\TUIO" />
					<Add directory="..\TUIO_CPP\oscpack" />
				</Compiler>
				<Linker>
					<Add library="wxmsw28" />
					<Add library="c:\Program Files\Google\Google SketchUp 7\msvcrt-ruby18.dll" />
					<Add library="user32" />
					<Add library="comctl32" />
					<Add library="uuid" />
					<Add library="oleaut32" />
					<Add library="ole32" />
					<Add library="shell32" />
					<Add library="comdlg32" />
					<Add library="ctl3d32" />
					<Add library="advapi32" />
					<Add library="gdi32" />
					<Add library="ws2_32" />
					<Add library="winmm" />
					<Add directory="$(#WX)\lib\gcc_lib\msw" />
					<Add directory="$(#wx)\lib\gcc_lib" />
				</Linker>
			</Target>
			<Target title="Release">
				<Option output=".\Release\MultitouchSU" prefix_auto="1" extension_auto="1" />
				<Option object_output=".\Release\" />
				<Option type="3" />
				<Option compiler="gcc" />
				<Option host_application="MultitouchSu\debug\MultitouchsuTest.exe" />
				<Option createDefFile="1" />
				<Option createStaticLib="1" />
				<Compiler>
					<Add option="-O2" />
					<Add option="-Wall" />
					<Add option="-DBUILD_DLL" />
					<Add option="-DDLLFUNCTIONS_EXPORTS" />
					<Add option="-DWIN32" />
					<Add option="-D_WINDOWS" />
					<Add option="-D__WXMSW__" />
					<Add option="-DwxUSE_GUI=1" />
					<Add option="-DHAVE_ISINF" />
					<Add option="-DENDIANESS=OSC_HOST_LITTLE_ENDIAN" />
					<Add option="-DNO_LOGGING" />
					<Add option="-DNO_LOGGING_TUIO" />
					<Add directory="$(#wx)\include" />
					<Add directory="$(#WX)\lib\gcc_lib\msw" />
					<Add directory="c:\User\Programs\ruby\lib\ruby\1.8\i386-mswin32" />
					<Add directory="..\TUIO_CPP\TUIO" />
					<Add directory="..\TUIO_CPP\oscpack" />
				</Compiler>
				<Linker>
					<Add option="-s" />
					<Add library="wxmsw28" />
					<Add library="c:\Program Files\Google\Google SketchUp 7\msvcrt-ruby18.dll" />
					<Add library="user32" />
					<Add library="comctl32" />
					<Add library="uuid" />
					<Add library="oleaut32" />
					<Add library="ole32" />
					<Add library="shell32" />
					<Add library="comdlg32" />
					<Add library="ctl3d32" />
					<Add library="advapi32" />
					<Add library="gdi32" />
					<Add library="ws2_32" />
					<Add library="winmm" />
					<Add directory="$(#WX)\lib\gcc_lib\msw" />
					<Add directory="$(#wx)\lib\gcc_lib" />
				</Linker>
				<ExtraCommands>
					<Add after="cmd /c @echo Running upx.exe" />
					<Add after="cmd /c c:\Usr\bin\upx.exe release\MultitouchSu.dll" />
				</ExtraCommands>
			</Target>
		</Build>
		<Unit filename="HiddenFrame.cpp" />
		<Unit filename="HiddenFrame.h" />
		<Unit filename="MSWrunmacro.cpp" />
		<Unit filename="MSWrunmacro.h" />
		<Unit filename="MtSuGlobals.h" />
		<Unit filename="MultitouchSU.h" />
		<Unit filename="MultitouchSu.cpp" />
		<Unit filename="MultitouchSuTestFrame.cpp">
			<Option target="&lt;{~None~}&gt;" />
		</Unit>
		<Unit filename="MultitouchSuTestFrame.h">
			<Option target="&lt;{~None~}&gt;" />
		</Unit>
		<Unit filename="MultitouchsuPlgn.rb" />
		<Unit filename="RubyClass.cpp" />
		<Unit filename="RubyClass.h" />
		<Unit filename="RubyEval.cpp">
			<Option target="&lt;{~None~}&gt;" />
		</Unit>
		<Unit filename="RubyEval.h">
			<Option target="&lt;{~None~}&gt;" />
		</Unit>
		<Unit filename="TuioSuDump.cpp" />
		<Unit filename="TuioSuDump.h" />
		<Unit filename="debugging.cpp" />
		<Unit filename="debugging.h" />
		<Unit filename="keytables.cpp" />
		<Unit filename="keytables.h" />
		<Unit filename="..\TUIO_CPP\TUIO\TuioClient.cpp" />
		<Unit filename="..\TUIO_CPP\TUIO\TuioClient.h" />
		<Unit filename="..\TUIO_CPP\TUIO\TuioContainer.h" />
		<Unit filename="..\TUIO_CPP\TUIO\TuioCursor.h" />
		<Unit filename="..\TUIO_CPP\TUIO\TuioListener.h" />
		<Unit filename="..\TUIO_CPP\TUIO\TuioObject.h" />
		<Unit filename="..\TUIO_CPP\TUIO\TuioPoint.h" />
		<Unit filename="..\TUIO_CPP\TUIO\TuioServer.h" />
		<Unit filename="..\TUIO_CPP\TUIO\TuioTime.cpp" />
		<Unit filename="..\TUIO_CPP\oscpack\ip\NetworkingUtils.h" />
		<Unit filename="..\TUIO_CPP\oscpack\ip\PacketListener.h" />
		<Unit filename="..\TUIO_CPP\oscpack\ip\TimerListener.h" />
		<Unit filename="..\TUIO_CPP\oscpack\ip\UdpSocket.h" />
		<Unit filename="..\TUIO_CPP\oscpack\ip\win32\NetworkingUtils.cpp" />
		<Unit filename="..\TUIO_CPP\oscpack\ip\win32\UdpSocket.cpp" />
		<Unit filename="..\TUIO_CPP\oscpack\osc\OscException.h" />
		<Unit filename="..\TUIO_CPP\oscpack\osc\OscHostEndianness.h" />
		<Unit filename="..\TUIO_CPP\oscpack\osc\OscPacketListener.h" />
		<Unit filename="..\TUIO_CPP\oscpack\osc\OscPrintReceivedElements.cpp" />
		<Unit filename="..\TUIO_CPP\oscpack\osc\OscReceivedElements.cpp" />
		<Unit filename="..\TUIO_CPP\oscpack\osc\OscTypes.cpp" />
		<Unit filename="..\TUIO_CPP\oscpack\osc\OscTypes.h" />
		<Extensions>
			<debugger />
			<code_completion />
		</Extensions>
	</Project>
</CodeBlocks_project_file>
